// !$*UTF8*$!
{
	archiveVersion = 1;
	classes = {
	};
	objectVersion = 55;
	objects = {

/* Begin PBXBuildFile section */
		2053AAFD27618C5B00E71241 /* AppDelegate.swift in Sources */ = {isa = PBXBuildFile; fileRef = 2053AAFC27618C5B00E71241 /* AppDelegate.swift */; };
		2053AAFF27618C5B00E71241 /* SceneDelegate.swift in Sources */ = {isa = PBXBuildFile; fileRef = 2053AAFE27618C5B00E71241 /* SceneDelegate.swift */; };
		2053AB0127618C5B00E71241 /* ViewController.swift in Sources */ = {isa = PBXBuildFile; fileRef = 2053AB0027618C5B00E71241 /* ViewController.swift */; };
		2053AB0427618C5B00E71241 /* Main.storyboard in Resources */ = {isa = PBXBuildFile; fileRef = 2053AB0227618C5B00E71241 /* Main.storyboard */; };
		2053AB0627618C5D00E71241 /* Assets.xcassets in Resources */ = {isa = PBXBuildFile; fileRef = 2053AB0527618C5D00E71241 /* Assets.xcassets */; };
		2053AB0927618C5D00E71241 /* LaunchScreen.storyboard in Resources */ = {isa = PBXBuildFile; fileRef = 2053AB0727618C5D00E71241 /* LaunchScreen.storyboard */; };
		2053AB152761903300E71241 /* SearchRecipeViewController.swift in Sources */ = {isa = PBXBuildFile; fileRef = 2053AB142761903300E71241 /* SearchRecipeViewController.swift */; };
		2053AB172761987D00E71241 /* Constants.swift in Sources */ = {isa = PBXBuildFile; fileRef = 2053AB162761987D00E71241 /* Constants.swift */; };
		2053AB1B27619B8100E71241 /* RecipeInfo.swift in Sources */ = {isa = PBXBuildFile; fileRef = 2053AB1A27619B8100E71241 /* RecipeInfo.swift */; };
		2053AB1D2761BFA300E71241 /* Nutrition.swift in Sources */ = {isa = PBXBuildFile; fileRef = 2053AB1C2761BFA300E71241 /* Nutrition.swift */; };
		87262AE544EF0533FDE3C804 /* Pods_FoodNutrition.framework in Frameworks */ = {isa = PBXBuildFile; fileRef = C3A80649DD79F6EC7690FA71 /* Pods_FoodNutrition.framework */; };
/* End PBXBuildFile section */

/* Begin PBXFileReference section */
		2053AAF927618C5B00E71241 /* FoodNutrition.app */ = {isa = PBXFileReference; explicitFileType = wrapper.application; includeInIndex = 0; path = FoodNutrition.app; sourceTree = BUILT_PRODUCTS_DIR; };
		2053AAFC27618C5B00E71241 /* AppDelegate.swift */ = {isa = PBXFileReference; lastKnownFileType = sourcecode.swift; path = AppDelegate.swift; sourceTree = "<group>"; };
		2053AAFE27618C5B00E71241 /* SceneDelegate.swift */ = {isa = PBXFileReference; lastKnownFileType = sourcecode.swift; path = SceneDelegate.swift; sourceTree = "<group>"; };
		2053AB0027618C5B00E71241 /* ViewController.swift */ = {isa = PBXFileReference; lastKnownFileType = sourcecode.swift; path = ViewController.swift; sourceTree = "<group>"; };
		2053AB0327618C5B00E71241 /* Base */ = {isa = PBXFileReference; lastKnownFileType = file.storyboard; name = Base; path = Base.lproj/Main.storyboard; sourceTree = "<group>"; };
		2053AB0527618C5D00E71241 /* Assets.xcassets */ = {isa = PBXFileReference; lastKnownFileType = folder.assetcatalog; path = Assets.xcassets; sourceTree = "<group>"; };
		2053AB0827618C5D00E71241 /* Base */ = {isa = PBXFileReference; lastKnownFileType = file.storyboard; name = Base; path = Base.lproj/LaunchScreen.storyboard; sourceTree = "<group>"; };
		2053AB0A27618C5D00E71241 /* Info.plist */ = {isa = PBXFileReference; lastKnownFileType = text.plist.xml; path = Info.plist; sourceTree = "<group>"; };
		2053AB142761903300E71241 /* SearchRecipeViewController.swift */ = {isa = PBXFileReference; lastKnownFileType = sourcecode.swift; path = SearchRecipeViewController.swift; sourceTree = "<group>"; };
		2053AB162761987D00E71241 /* Constants.swift */ = {isa = PBXFileReference; lastKnownFileType = sourcecode.swift; path = Constants.swift; sourceTree = "<group>"; };
		2053AB1A27619B8100E71241 /* RecipeInfo.swift */ = {isa = PBXFileReference; lastKnownFileType = sourcecode.swift; path = RecipeInfo.swift; sourceTree = "<group>"; };
		2053AB1C2761BFA300E71241 /* Nutrition.swift */ = {isa = PBXFileReference; lastKnownFileType = sourcecode.swift; path = Nutrition.swift; sourceTree = "<group>"; };
		C3A80649DD79F6EC7690FA71 /* Pods_FoodNutrition.framework */ = {isa = PBXFileReference; explicitFileType = wrapper.framework; includeInIndex = 0; path = Pods_FoodNutrition.framework; sourceTree = BUILT_PRODUCTS_DIR; };
		C66966BF7F274075BAD4B06A /* Pods-FoodNutrition.release.xcconfig */ = {isa = PBXFileReference; includeInIndex = 1; lastKnownFileType = text.xcconfig; name = "Pods-FoodNutrition.release.xcconfig"; path = "Target Support Files/Pods-FoodNutrition/Pods-FoodNutrition.release.xcconfig"; sourceTree = "<group>"; };
		CE9ED61980580C6F185FAC33 /* Pods-FoodNutrition.debug.xcconfig */ = {isa = PBXFileReference; includeInIndex = 1; lastKnownFileType = text.xcconfig; name = "Pods-FoodNutrition.debug.xcconfig"; path = "Target Support Files/Pods-FoodNutrition/Pods-FoodNutrition.debug.xcconfig"; sourceTree = "<group>"; };
/* End PBXFileReference section */

/* Begin PBXFrameworksBuildPhase section */
		2053AAF627618C5B00E71241 /* Frameworks */ = {
			isa = PBXFrameworksBuildPhase;
			buildActionMask = 2147483647;
			files = (
				87262AE544EF0533FDE3C804 /* Pods_FoodNutrition.framework in Frameworks */,
			);
			runOnlyForDeploymentPostprocessing = 0;
		};
/* End PBXFrameworksBuildPhase section */

/* Begin PBXGroup section */
		2053AAF027618C5B00E71241 = {
			isa = PBXGroup;
			children = (
				2053AAFB27618C5B00E71241 /* FoodNutrition */,
				2053AAFA27618C5B00E71241 /* Products */,
				E37BE7566748FA4669A0D34E /* Pods */,
				269F4BD5EE4F0F6A7113E254 /* Frameworks */,
			);
			sourceTree = "<group>";
		};
		2053AAFA27618C5B00E71241 /* Products */ = {
			isa = PBXGroup;
			children = (
				2053AAF927618C5B00E71241 /* FoodNutrition.app */,
			);
			name = Products;
			sourceTree = "<group>";
		};
		2053AAFB27618C5B00E71241 /* FoodNutrition */ = {
			isa = PBXGroup;
			children = (
				2053AB1327618FD900E71241 /* Controller */,
				2053AB1227618FCD00E71241 /* View */,
				2053AB1127618FC100E71241 /* Model */,
				2053AAFC27618C5B00E71241 /* AppDelegate.swift */,
				2053AAFE27618C5B00E71241 /* SceneDelegate.swift */,
				2053AB0527618C5D00E71241 /* Assets.xcassets */,
				2053AB0727618C5D00E71241 /* LaunchScreen.storyboard */,
				2053AB0A27618C5D00E71241 /* Info.plist */,
			);
			path = FoodNutrition;
			sourceTree = "<group>";
		};
		2053AB1127618FC100E71241 /* Model */ = {
			isa = PBXGroup;
			children = (
				2053AB1A27619B8100E71241 /* RecipeInfo.swift */,
				2053AB1C2761BFA300E71241 /* Nutrition.swift */,
			);
			path = Model;
			sourceTree = "<group>";
		};
		2053AB1227618FCD00E71241 /* View */ = {
			isa = PBXGroup;
			children = (
				2053AB0227618C5B00E71241 /* Main.storyboard */,
			);
			path = View;
			sourceTree = "<group>";
		};
		2053AB1327618FD900E71241 /* Controller */ = {
			isa = PBXGroup;
			children = (
				2053AB0027618C5B00E71241 /* ViewController.swift */,
				2053AB142761903300E71241 /* SearchRecipeViewController.swift */,
				2053AB162761987D00E71241 /* Constants.swift */,
			);
			path = Controller;
			sourceTree = "<group>";
		};
		269F4BD5EE4F0F6A7113E254 /* Frameworks */ = {
			isa = PBXGroup;
			children = (
				C3A80649DD79F6EC7690FA71 /* Pods_FoodNutrition.framework */,
			);
			name = Frameworks;
			sourceTree = "<group>";
		};
		E37BE7566748FA4669A0D34E /* Pods */ = {
			isa = PBXGroup;
			children = (
				CE9ED61980580C6F185FAC33 /* Pods-FoodNutrition.debug.xcconfig */,
				C66966BF7F274075BAD4B06A /* Pods-FoodNutrition.release.xcconfig */,
			);
			path = Pods;
			sourceTree = "<group>";
		};
/* End PBXGroup section */

/* Begin PBXNativeTarget section */
		2053AAF827618C5B00E71241 /* FoodNutrition */ = {
			isa = PBXNativeTarget;
			buildConfigurationList = 2053AB0D27618C5D00E71241 /* Build configuration list for PBXNativeTarget "FoodNutrition" */;
			buildPhases = (
				D70C11F210AC4C7BF350A69F /* [CP] Check Pods Manifest.lock */,
				2053AAF527618C5B00E71241 /* Sources */,
				2053AAF627618C5B00E71241 /* Frameworks */,
				2053AAF727618C5B00E71241 /* Resources */,
				A3DB03EC6EF327135ECE56B5 /* [CP] Embed Pods Frameworks */,
			);
			buildRules = (
			);
			dependencies = (
			);
			name = FoodNutrition;
			productName = FoodNutrition;
			productReference = 2053AAF927618C5B00E71241 /* FoodNutrition.app */;
			productType = "com.apple.product-type.application";
		};
/* End PBXNativeTarget section */

/* Begin PBXProject section */
		2053AAF127618C5B00E71241 /* Project object */ = {
			isa = PBXProject;
			attributes = {
				BuildIndependentTargetsInParallel = 1;
				LastSwiftUpdateCheck = 1310;
				LastUpgradeCheck = 1310;
				TargetAttributes = {
					2053AAF827618C5B00E71241 = {
						CreatedOnToolsVersion = 13.1;
					};
				};
			};
			buildConfigurationList = 2053AAF427618C5B00E71241 /* Build configuration list for PBXProject "FoodNutrition" */;
			compatibilityVersion = "Xcode 13.0";
			developmentRegion = en;
			hasScannedForEncodings = 0;
			knownRegions = (
				en,
				Base,
			);
			mainGroup = 2053AAF027618C5B00E71241;
			productRefGroup = 2053AAFA27618C5B00E71241 /* Products */;
			projectDirPath = "";
			projectRoot = "";
			targets = (
				2053AAF827618C5B00E71241 /* FoodNutrition */,
			);
		};
/* End PBXProject section */

/* Begin PBXResourcesBuildPhase section */
		2053AAF727618C5B00E71241 /* Resources */ = {
			isa = PBXResourcesBuildPhase;
			buildActionMask = 2147483647;
			files = (
				2053AB0927618C5D00E71241 /* LaunchScreen.storyboard in Resources */,
				2053AB0627618C5D00E71241 /* Assets.xcassets in Resources */,
				2053AB0427618C5B00E71241 /* Main.storyboard in Resources */,
			);
			runOnlyForDeploymentPostprocessing = 0;
		};
/* End PBXResourcesBuildPhase section */

/* Begin PBXShellScriptBuildPhase section */
		A3DB03EC6EF327135ECE56B5 /* [CP] Embed Pods Frameworks */ = {
			isa = PBXShellScriptBuildPhase;
			buildActionMask = 2147483647;
			files = (
			);
			inputFileListPaths = (
				"${PODS_ROOT}/Target Support Files/Pods-FoodNutrition/Pods-FoodNutrition-frameworks-${CONFIGURATION}-input-files.xcfilelist",
			);
			name = "[CP] Embed Pods Frameworks";
			outputFileListPaths = (
				"${PODS_ROOT}/Target Support Files/Pods-FoodNutrition/Pods-FoodNutrition-frameworks-${CONFIGURATION}-output-files.xcfilelist",
			);
			runOnlyForDeploymentPostprocessing = 0;
			shellPath = /bin/sh;
			shellScript = "\"${PODS_ROOT}/Target Support Files/Pods-FoodNutrition/Pods-FoodNutrition-frameworks.sh\"\n";
			showEnvVarsInLog = 0;
		};
		D70C11F210AC4C7BF350A69F /* [CP] Check Pods Manifest.lock */ = {
			isa = PBXShellScriptBuildPhase;
			buildActionMask = 2147483647;
			files = (
			);
			inputFileListPaths = (
			);
			inputPaths = (
				"${PODS_PODFILE_DIR_PATH}/Podfile.lock",
				"${PODS_ROOT}/Manifest.lock",
			);
			name = "[CP] Check Pods Manifest.lock";
			outputFileListPaths = (
			);
			outputPaths = (
				"$(DERIVED_FILE_DIR)/Pods-FoodNutrition-checkManifestLockResult.txt",
			);
			runOnlyForDeploymentPostprocessing = 0;
			shellPath = /bin/sh;
			shellScript = "diff \"${PODS_PODFILE_DIR_PATH}/Podfile.lock\" \"${PODS_ROOT}/Manifest.lock\" > /dev/null\nif [ $? != 0 ] ; then\n    # print error to STDERR\n    echo \"error: The sandbox is not in sync with the Podfile.lock. Run 'pod install' or update your CocoaPods installation.\" >&2\n    exit 1\nfi\n# This output is used by Xcode 'outputs' to avoid re-running this script phase.\necho \"SUCCESS\" > \"${SCRIPT_OUTPUT_FILE_0}\"\n";
			showEnvVarsInLog = 0;
		};
/* End PBXShellScriptBuildPhase section */

/* Begin PBXSourcesBuildPhase section */
		2053AAF527618C5B00E71241 /* Sources */ = {
			isa = PBXSourcesBuildPhase;
			buildActionMask = 2147483647;
			files = (
				2053AB172761987D00E71241 /* Constants.swift in Sources */,
				2053AB152761903300E71241 /* SearchRecipeViewController.swift in Sources */,
				2053AB1D2761BFA300E71241 /* Nutrition.swift in Sources */,
				2053AB0127618C5B00E71241 /* ViewController.swift in Sources */,
				2053AAFD27618C5B00E71241 /* AppDelegate.swift in Sources */,
				2053AAFF27618C5B00E71241 /* SceneDelegate.swift in Sources */,
				2053AB1B27619B8100E71241 /* RecipeInfo.swift in Sources */,
			);
			runOnlyForDeploymentPostprocessing = 0;
		};
/* End PBXSourcesBuildPhase section */

/* Begin PBXVariantGroup section */
		2053AB0227618C5B00E71241 /* Main.storyboard */ = {
			isa = PBXVariantGroup;
			children = (
				2053AB0327618C5B00E71241 /* Base */,
			);
			name = Main.storyboard;
			sourceTree = "<group>";
		};
		2053AB0727618C5D00E71241 /* LaunchScreen.storyboard */ = {
			isa = PBXVariantGroup;
			children = (
				2053AB0827618C5D00E71241 /* Base */,
			);
			name = LaunchScreen.storyboard;
			sourceTree = "<group>";
		};
/* End PBXVariantGroup section */

/* Begin XCBuildConfiguration section */
		2053AB0B27618C5D00E71241 /* Debug */ = {
			isa = XCBuildConfiguration;
			buildSettings = {
				ALWAYS_SEARCH_USER_PATHS = NO;
				CLANG_ANALYZER_NONNULL = YES;
				CLANG_ANALYZER_NUMBER_OBJECT_CONVERSION = YES_AGGRESSIVE;
				CLANG_CXX_LANGUAGE_STANDARD = "gnu++17";
				CLANG_CXX_LIBRARY = "libc++";
				CLANG_ENABLE_MODULES = YES;
				CLANG_ENABLE_OBJC_ARC = YES;
				CLANG_ENABLE_OBJC_WEAK = YES;
				CLANG_WARN_BLOCK_CAPTURE_AUTORELEASING = YES;
				CLANG_WARN_BOOL_CONVERSION = YES;
				CLANG_WARN_COMMA = YES;
				CLANG_WARN_CONSTANT_CONVERSION = YES;
				CLANG_WARN_DEPRECATED_OBJC_IMPLEMENTATIONS = YES;
				CLANG_WARN_DIRECT_OBJC_ISA_USAGE = YES_ERROR;
				CLANG_WARN_DOCUMENTATION_COMMENTS = YES;
				CLANG_WARN_EMPTY_BODY = YES;
				CLANG_WARN_ENUM_CONVERSION = YES;
				CLANG_WARN_INFINITE_RECURSION = YES;
				CLANG_WARN_INT_CONVERSION = YES;
				CLANG_WARN_NON_LITERAL_NULL_CONVERSION = YES;
				CLANG_WARN_OBJC_IMPLICIT_RETAIN_SELF = YES;
				CLANG_WARN_OBJC_LITERAL_CONVERSION = YES;
				CLANG_WARN_OBJC_ROOT_CLASS = YES_ERROR;
				CLANG_WARN_QUOTED_INCLUDE_IN_FRAMEWORK_HEADER = YES;
				CLANG_WARN_RANGE_LOOP_ANALYSIS = YES;
				CLANG_WARN_STRICT_PROTOTYPES = YES;
				CLANG_WARN_SUSPICIOUS_MOVE = YES;
				CLANG_WARN_UNGUARDED_AVAILABILITY = YES_AGGRESSIVE;
				CLANG_WARN_UNREACHABLE_CODE = YES;
				CLANG_WARN__DUPLICATE_METHOD_MATCH = YES;
				COPY_PHASE_STRIP = NO;
				DEBUG_INFORMATION_FORMAT = dwarf;
				ENABLE_STRICT_OBJC_MSGSEND = YES;
				ENABLE_TESTABILITY = YES;
				GCC_C_LANGUAGE_STANDARD = gnu11;
				GCC_DYNAMIC_NO_PIC = NO;
				GCC_NO_COMMON_BLOCKS = YES;
				GCC_OPTIMIZATION_LEVEL = 0;
				GCC_PREPROCESSOR_DEFINITIONS = (
					"DEBUG=1",
					"$(inherited)",
				);
				GCC_WARN_64_TO_32_BIT_CONVERSION = YES;
				GCC_WARN_ABOUT_RETURN_TYPE = YES_ERROR;
				GCC_WARN_UNDECLARED_SELECTOR = YES;
				GCC_WARN_UNINITIALIZED_AUTOS = YES_AGGRESSIVE;
				GCC_WARN_UNUSED_FUNCTION = YES;
				GCC_WARN_UNUSED_VARIABLE = YES;
				IPHONEOS_DEPLOYMENT_TARGET = 15.0;
				MTL_ENABLE_DEBUG_INFO = INCLUDE_SOURCE;
				MTL_FAST_MATH = YES;
				ONLY_ACTIVE_ARCH = YES;
				SDKROOT = iphoneos;
				SWIFT_ACTIVE_COMPILATION_CONDITIONS = DEBUG;
				SWIFT_OPTIMIZATION_LEVEL = "-Onone";
			};
			name = Debug;
		};
		2053AB0C27618C5D00E71241 /* Release */ = {
			isa = XCBuildConfiguration;
			buildSettings = {
				ALWAYS_SEARCH_USER_PATHS = NO;
				CLANG_ANALYZER_NONNULL = YES;
				CLANG_ANALYZER_NUMBER_OBJECT_CONVERSION = YES_AGGRESSIVE;
				CLANG_CXX_LANGUAGE_STANDARD = "gnu++17";
				CLANG_CXX_LIBRARY = "libc++";
				CLANG_ENABLE_MODULES = YES;
				CLANG_ENABLE_OBJC_ARC = YES;
				CLANG_ENABLE_OBJC_WEAK = YES;
				CLANG_WARN_BLOCK_CAPTURE_AUTORELEASING = YES;
				CLANG_WARN_BOOL_CONVERSION = YES;
				CLANG_WARN_COMMA = YES;
				CLANG_WARN_CONSTANT_CONVERSION = YES;
				CLANG_WARN_DEPRECATED_OBJC_IMPLEMENTATIONS = YES;
				CLANG_WARN_DIRECT_OBJC_ISA_USAGE = YES_ERROR;
				CLANG_WARN_DOCUMENTATION_COMMENTS = YES;
				CLANG_WARN_EMPTY_BODY = YES;
				CLANG_WARN_ENUM_CONVERSION = YES;
				CLANG_WARN_INFINITE_RECURSION = YES;
				CLANG_WARN_INT_CONVERSION = YES;
				CLANG_WARN_NON_LITERAL_NULL_CONVERSION = YES;
				CLANG_WARN_OBJC_IMPLICIT_RETAIN_SELF = YES;
				CLANG_WARN_OBJC_LITERAL_CONVERSION = YES;
				CLANG_WARN_OBJC_ROOT_CLASS = YES_ERROR;
				CLANG_WARN_QUOTED_INCLUDE_IN_FRAMEWORK_HEADER = YES;
				CLANG_WARN_RANGE_LOOP_ANALYSIS = YES;
				CLANG_WARN_STRICT_PROTOTYPES = YES;
				CLANG_WARN_SUSPICIOUS_MOVE = YES;
				CLANG_WARN_UNGUARDED_AVAILABILITY = YES_AGGRESSIVE;
				CLANG_WARN_UNREACHABLE_CODE = YES;
				CLANG_WARN__DUPLICATE_METHOD_MATCH = YES;
				COPY_PHASE_STRIP = NO;
				DEBUG_INFORMATION_FORMAT = "dwarf-with-dsym";
				ENABLE_NS_ASSERTIONS = NO;
				ENABLE_STRICT_OBJC_MSGSEND = YES;
				GCC_C_LANGUAGE_STANDARD = gnu11;
				GCC_NO_COMMON_BLOCKS = YES;
				GCC_WARN_64_TO_32_BIT_CONVERSION = YES;
				GCC_WARN_ABOUT_RETURN_TYPE = YES_ERROR;
				GCC_WARN_UNDECLARED_SELECTOR = YES;
				GCC_WARN_UNINITIALIZED_AUTOS = YES_AGGRESSIVE;
				GCC_WARN_UNUSED_FUNCTION = YES;
				GCC_WARN_UNUSED_VARIABLE = YES;
				IPHONEOS_DEPLOYMENT_TARGET = 15.0;
				MTL_ENABLE_DEBUG_INFO = NO;
				MTL_FAST_MATH = YES;
				SDKROOT = iphoneos;
				SWIFT_COMPILATION_MODE = wholemodule;
				SWIFT_OPTIMIZATION_LEVEL = "-O";
				VALIDATE_PRODUCT = YES;
			};
			name = Release;
		};
		2053AB0E27618C5D00E71241 /* Debug */ = {
			isa = XCBuildConfiguration;
			baseConfigurationReference = CE9ED61980580C6F185FAC33 /* Pods-FoodNutrition.debug.xcconfig */;
			buildSettings = {
				ASSETCATALOG_COMPILER_APPICON_NAME = AppIcon;
				ASSETCATALOG_COMPILER_GLOBAL_ACCENT_COLOR_NAME = AccentColor;
				CODE_SIGN_STYLE = Automatic;
				CURRENT_PROJECT_VERSION = 1;
				GENERATE_INFOPLIST_FILE = YES;
				INFOPLIST_FILE = FoodNutrition/Info.plist;
				INFOPLIST_KEY_UIApplicationSupportsIndirectInputEvents = YES;
				INFOPLIST_KEY_UILaunchStoryboardName = LaunchScreen;
				INFOPLIST_KEY_UIMainStoryboardFile = Main;
				INFOPLIST_KEY_UISupportedInterfaceOrientations_iPad = "UIInterfaceOrientationPortrait UIInterfaceOrientationPortraitUpsideDown UIInterfaceOrientationLandscapeLeft UIInterfaceOrientationLandscapeRight";
				INFOPLIST_KEY_UISupportedInterfaceOrientations_iPhone = "UIInterfaceOrientationPortrait UIInterfaceOrientationLandscapeLeft UIInterfaceOrientationLandscapeRight";
				LD_RUNPATH_SEARCH_PATHS = (
					"$(inherited)",
					"@executable_path/Frameworks",
				);
				MARKETING_VERSION = 1.0;
				PRODUCT_BUNDLE_IDENTIFIER = edu.northeastern.pan.FoodNutrition;
				PRODUCT_NAME = "$(TARGET_NAME)";
				SWIFT_EMIT_LOC_STRINGS = YES;
				SWIFT_VERSION = 5.0;
				TARGETED_DEVICE_FAMILY = "1,2";
			};
			name = Debug;
		};
		2053AB0F27618C5D00E71241 /* Release */ = {
			isa = XCBuildConfiguration;
			baseConfigurationReference = C66966BF7F274075BAD4B06A /* Pods-FoodNutrition.release.xcconfig */;
			buildSettings = {
				ASSETCATALOG_COMPILER_APPICON_NAME = AppIcon;
				ASSETCATALOG_COMPILER_GLOBAL_ACCENT_COLOR_NAME = AccentColor;
				CODE_SIGN_STYLE = Automatic;
				CURRENT_PROJECT_VERSION = 1;
				GENERATE_INFOPLIST_FILE = YES;
				INFOPLIST_FILE = FoodNutrition/Info.plist;
				INFOPLIST_KEY_UIApplicationSupportsIndirectInputEvents = YES;
				INFOPLIST_KEY_UILaunchStoryboardName = LaunchScreen;
				INFOPLIST_KEY_UIMainStoryboardFile = Main;
				INFOPLIST_KEY_UISupportedInterfaceOrientations_iPad = "UIInterfaceOrientationPortrait UIInterfaceOrientationPortraitUpsideDown UIInterfaceOrientationLandscapeLeft UIInterfaceOrientationLandscapeRight";
				INFOPLIST_KEY_UISupportedInterfaceOrientations_iPhone = "UIInterfaceOrientationPortrait UIInterfaceOrientationLandscapeLeft UIInterfaceOrientationLandscapeRight";
				LD_RUNPATH_SEARCH_PATHS = (
					"$(inherited)",
					"@executable_path/Frameworks",
				);
				MARKETING_VERSION = 1.0;
				PRODUCT_BUNDLE_IDENTIFIER = edu.northeastern.pan.FoodNutrition;
				PRODUCT_NAME = "$(TARGET_NAME)";
				SWIFT_EMIT_LOC_STRINGS = YES;
				SWIFT_VERSION = 5.0;
				TARGETED_DEVICE_FAMILY = "1,2";
			};
			name = Release;
		};
/* End XCBuildConfiguration section */

/* Begin XCConfigurationList section */
		2053AAF427618C5B00E71241 /* Build configuration list for PBXProject "FoodNutrition" */ = {
			isa = XCConfigurationList;
			buildConfigurations = (
				2053AB0B27618C5D00E71241 /* Debug */,
				2053AB0C27618C5D00E71241 /* Release */,
			);
			defaultConfigurationIsVisible = 0;
			defaultConfigurationName = Release;
		};
		2053AB0D27618C5D00E71241 /* Build configuration list for PBXNativeTarget "FoodNutrition" */ = {
			isa = XCConfigurationList;
			buildConfigurations = (
				2053AB0E27618C5D00E71241 /* Debug */,
				2053AB0F27618C5D00E71241 /* Release */,
			);
			defaultConfigurationIsVisible = 0;
			defaultConfigurationName = Release;
		};
/* End XCConfigurationList section */
	};
	rootObject = 2053AAF127618C5B00E71241 /* Project object */;
}
